// !$*UTF8*$!
{
	archiveVersion = 1;
	classes = {
	};
	objectVersion = 51;
	objects = {

/* Begin PBXBuildFile section */
		5860AFFF1378AC85AE36E2BD /* Pods_Test2.framework in Frameworks */ = {isa = PBXBuildFile; fileRef = 9A5560DF4F9E41222A97E48B /* Pods_Test2.framework */; };
		F47A2C17241A6B76003A9C11 /* AppDelegate.swift in Sources */ = {isa = PBXBuildFile; fileRef = F47A2C16241A6B76003A9C11 /* AppDelegate.swift */; };
		F47A2C19241A6B76003A9C11 /* SceneDelegate.swift in Sources */ = {isa = PBXBuildFile; fileRef = F47A2C18241A6B76003A9C11 /* SceneDelegate.swift */; };
		F47A2C1B241A6B76003A9C11 /* ContentView.swift in Sources */ = {isa = PBXBuildFile; fileRef = F47A2C1A241A6B76003A9C11 /* ContentView.swift */; };
		F47A2C1D241A6B78003A9C11 /* Assets.xcassets in Resources */ = {isa = PBXBuildFile; fileRef = F47A2C1C241A6B78003A9C11 /* Assets.xcassets */; };
		F47A2C20241A6B78003A9C11 /* Preview Assets.xcassets in Resources */ = {isa = PBXBuildFile; fileRef = F47A2C1F241A6B78003A9C11 /* Preview Assets.xcassets */; };
		F47A2C23241A6B78003A9C11 /* LaunchScreen.storyboard in Resources */ = {isa = PBXBuildFile; fileRef = F47A2C21241A6B78003A9C11 /* LaunchScreen.storyboard */; };
		F47A2C2B241A6BDD003A9C11 /* AudioRecorder.swift in Sources */ = {isa = PBXBuildFile; fileRef = F47A2C2A241A6BDD003A9C11 /* AudioRecorder.swift */; };
		F47A2C2D241A6C07003A9C11 /* RecordingList.swift in Sources */ = {isa = PBXBuildFile; fileRef = F47A2C2C241A6C07003A9C11 /* RecordingList.swift */; };
		F47A2C2F241A6C1C003A9C11 /* Helper.swift in Sources */ = {isa = PBXBuildFile; fileRef = F47A2C2E241A6C1C003A9C11 /* Helper.swift */; };
		F47A2C31241A6C23003A9C11 /* RecordingDataModel.swift in Sources */ = {isa = PBXBuildFile; fileRef = F47A2C30241A6C23003A9C11 /* RecordingDataModel.swift */; };
/* End PBXBuildFile section */

/* Begin PBXFileReference section */
		07902F804AE8BB44B5508E1B /* Pods-Test2.debug.xcconfig */ = {isa = PBXFileReference; includeInIndex = 1; lastKnownFileType = text.xcconfig; name = "Pods-Test2.debug.xcconfig"; path = "Target Support Files/Pods-Test2/Pods-Test2.debug.xcconfig"; sourceTree = "<group>"; };
		97C12BBCD2526CC472CABEF2 /* Pods-Test2.release.xcconfig */ = {isa = PBXFileReference; includeInIndex = 1; lastKnownFileType = text.xcconfig; name = "Pods-Test2.release.xcconfig"; path = "Target Support Files/Pods-Test2/Pods-Test2.release.xcconfig"; sourceTree = "<group>"; };
		9A5560DF4F9E41222A97E48B /* Pods_Test2.framework */ = {isa = PBXFileReference; explicitFileType = wrapper.framework; includeInIndex = 0; path = Pods_Test2.framework; sourceTree = BUILT_PRODUCTS_DIR; };
		F47A2C13241A6B76003A9C11 /* Emotion.app */ = {isa = PBXFileReference; explicitFileType = wrapper.application; includeInIndex = 0; path = Emotion.app; sourceTree = BUILT_PRODUCTS_DIR; };
		F47A2C16241A6B76003A9C11 /* AppDelegate.swift */ = {isa = PBXFileReference; lastKnownFileType = sourcecode.swift; path = AppDelegate.swift; sourceTree = "<group>"; };
		F47A2C18241A6B76003A9C11 /* SceneDelegate.swift */ = {isa = PBXFileReference; lastKnownFileType = sourcecode.swift; path = SceneDelegate.swift; sourceTree = "<group>"; };
		F47A2C1A241A6B76003A9C11 /* ContentView.swift */ = {isa = PBXFileReference; lastKnownFileType = sourcecode.swift; path = ContentView.swift; sourceTree = "<group>"; };
		F47A2C1C241A6B78003A9C11 /* Assets.xcassets */ = {isa = PBXFileReference; lastKnownFileType = folder.assetcatalog; path = Assets.xcassets; sourceTree = "<group>"; };
		F47A2C1F241A6B78003A9C11 /* Preview Assets.xcassets */ = {isa = PBXFileReference; lastKnownFileType = folder.assetcatalog; path = "Preview Assets.xcassets"; sourceTree = "<group>"; };
		F47A2C22241A6B78003A9C11 /* Base */ = {isa = PBXFileReference; lastKnownFileType = file.storyboard; name = Base; path = Base.lproj/LaunchScreen.storyboard; sourceTree = "<group>"; };
		F47A2C24241A6B78003A9C11 /* Info.plist */ = {isa = PBXFileReference; lastKnownFileType = text.plist.xml; path = Info.plist; sourceTree = "<group>"; };
		F47A2C2A241A6BDD003A9C11 /* AudioRecorder.swift */ = {isa = PBXFileReference; lastKnownFileType = sourcecode.swift; path = AudioRecorder.swift; sourceTree = "<group>"; };
		F47A2C2C241A6C07003A9C11 /* RecordingList.swift */ = {isa = PBXFileReference; lastKnownFileType = sourcecode.swift; path = RecordingList.swift; sourceTree = "<group>"; };
		F47A2C2E241A6C1C003A9C11 /* Helper.swift */ = {isa = PBXFileReference; fileEncoding = 4; lastKnownFileType = sourcecode.swift; path = Helper.swift; sourceTree = "<group>"; };
		F47A2C30241A6C23003A9C11 /* RecordingDataModel.swift */ = {isa = PBXFileReference; fileEncoding = 4; lastKnownFileType = sourcecode.swift; path = RecordingDataModel.swift; sourceTree = "<group>"; };
/* End PBXFileReference section */

/* Begin PBXFrameworksBuildPhase section */
		F47A2C10241A6B76003A9C11 /* Frameworks */ = {
			isa = PBXFrameworksBuildPhase;
			buildActionMask = 2147483647;
			files = (
				5860AFFF1378AC85AE36E2BD /* Pods_Test2.framework in Frameworks */,
			);
			runOnlyForDeploymentPostprocessing = 0;
		};
/* End PBXFrameworksBuildPhase section */

/* Begin PBXGroup section */
		80712546CBA5237D234E74DE /* Frameworks */ = {
			isa = PBXGroup;
			children = (
				9A5560DF4F9E41222A97E48B /* Pods_Test2.framework */,
			);
			name = Frameworks;
			sourceTree = "<group>";
		};
		9D7BEC09DD62776D9B561F81 /* Pods */ = {
			isa = PBXGroup;
			children = (
				07902F804AE8BB44B5508E1B /* Pods-Test2.debug.xcconfig */,
				97C12BBCD2526CC472CABEF2 /* Pods-Test2.release.xcconfig */,
			);
			path = Pods;
			sourceTree = "<group>";
		};
		F47A2C0A241A6B76003A9C11 = {
			isa = PBXGroup;
			children = (
				F47A2C15241A6B76003A9C11 /* Test2 */,
				F47A2C14241A6B76003A9C11 /* Products */,
				9D7BEC09DD62776D9B561F81 /* Pods */,
				80712546CBA5237D234E74DE /* Frameworks */,
			);
			sourceTree = "<group>";
		};
		F47A2C14241A6B76003A9C11 /* Products */ = {
			isa = PBXGroup;
			children = (
				F47A2C13241A6B76003A9C11 /* Emotion.app */,
			);
			name = Products;
			sourceTree = "<group>";
		};
		F47A2C15241A6B76003A9C11 /* Test2 */ = {
			isa = PBXGroup;
			children = (
				F47A2C16241A6B76003A9C11 /* AppDelegate.swift */,
				F47A2C18241A6B76003A9C11 /* SceneDelegate.swift */,
				F47A2C1A241A6B76003A9C11 /* ContentView.swift */,
				F47A2C2A241A6BDD003A9C11 /* AudioRecorder.swift */,
				F47A2C2C241A6C07003A9C11 /* RecordingList.swift */,
				F47A2C30241A6C23003A9C11 /* RecordingDataModel.swift */,
				F47A2C1C241A6B78003A9C11 /* Assets.xcassets */,
				F47A2C2E241A6C1C003A9C11 /* Helper.swift */,
				F47A2C21241A6B78003A9C11 /* LaunchScreen.storyboard */,
				F47A2C24241A6B78003A9C11 /* Info.plist */,
				F47A2C1E241A6B78003A9C11 /* Preview Content */,
			);
			path = Test2;
			sourceTree = "<group>";
		};
		F47A2C1E241A6B78003A9C11 /* Preview Content */ = {
			isa = PBXGroup;
			children = (
				F47A2C1F241A6B78003A9C11 /* Preview Assets.xcassets */,
			);
			path = "Preview Content";
			sourceTree = "<group>";
		};
/* End PBXGroup section */

/* Begin PBXNativeTarget section */
		F47A2C12241A6B76003A9C11 /* Test2 */ = {
			isa = PBXNativeTarget;
			buildConfigurationList = F47A2C27241A6B78003A9C11 /* Build configuration list for PBXNativeTarget "Test2" */;
			buildPhases = (
				024F178C71321608C34FF6E9 /* [CP] Check Pods Manifest.lock */,
				F47A2C0F241A6B76003A9C11 /* Sources */,
				F47A2C10241A6B76003A9C11 /* Frameworks */,
				F47A2C11241A6B76003A9C11 /* Resources */,
				73F937C795AFB197106C2CC8 /* [CP] Embed Pods Frameworks */,
			);
			buildRules = (
			);
			dependencies = (
			);
			name = Test2;
			productName = Test2;
			productReference = F47A2C13241A6B76003A9C11 /* Emotion.app */;
			productType = "com.apple.product-type.application";
		};
/* End PBXNativeTarget section */

/* Begin PBXProject section */
		F47A2C0B241A6B76003A9C11 /* Project object */ = {
			isa = PBXProject;
			attributes = {
				LastSwiftUpdateCheck = 1130;
				LastUpgradeCheck = 1130;
				ORGANIZATIONNAME = "Константин Емельянов";
				TargetAttributes = {
					F47A2C12241A6B76003A9C11 = {
						CreatedOnToolsVersion = 11.3.1;
					};
				};
			};
			buildConfigurationList = F47A2C0E241A6B76003A9C11 /* Build configuration list for PBXProject "Test2" */;
			compatibilityVersion = "Xcode 9.3";
			developmentRegion = en;
			hasScannedForEncodings = 0;
			knownRegions = (
				en,
				Base,
			);
			mainGroup = F47A2C0A241A6B76003A9C11;
			productRefGroup = F47A2C14241A6B76003A9C11 /* Products */;
			projectDirPath = "";
			projectRoot = "";
			targets = (
				F47A2C12241A6B76003A9C11 /* Test2 */,
			);
		};
/* End PBXProject section */

/* Begin PBXResourcesBuildPhase section */
		F47A2C11241A6B76003A9C11 /* Resources */ = {
			isa = PBXResourcesBuildPhase;
			buildActionMask = 2147483647;
			files = (
				F47A2C23241A6B78003A9C11 /* LaunchScreen.storyboard in Resources */,
				F47A2C20241A6B78003A9C11 /* Preview Assets.xcassets in Resources */,
				F47A2C1D241A6B78003A9C11 /* Assets.xcassets in Resources */,
			);
			runOnlyForDeploymentPostprocessing = 0;
		};
/* End PBXResourcesBuildPhase section */

/* Begin PBXShellScriptBuildPhase section */
		024F178C71321608C34FF6E9 /* [CP] Check Pods Manifest.lock */ = {
			isa = PBXShellScriptBuildPhase;
			buildActionMask = 2147483647;
			files = (
			);
			inputFileListPaths = (
			);
			inputPaths = (
				"${PODS_PODFILE_DIR_PATH}/Podfile.lock",
				"${PODS_ROOT}/Manifest.lock",
			);
			name = "[CP] Check Pods Manifest.lock";
			outputFileListPaths = (
			);
			outputPaths = (
				"$(DERIVED_FILE_DIR)/Pods-Test2-checkManifestLockResult.txt",
			);
			runOnlyForDeploymentPostprocessing = 0;
			shellPath = /bin/sh;
			shellScript = "diff \"${PODS_PODFILE_DIR_PATH}/Podfile.lock\" \"${PODS_ROOT}/Manifest.lock\" > /dev/null\nif [ $? != 0 ] ; then\n    # print error to STDERR\n    echo \"error: The sandbox is not in sync with the Podfile.lock. Run 'pod install' or update your CocoaPods installation.\" >&2\n    exit 1\nfi\n# This output is used by Xcode 'outputs' to avoid re-running this script phase.\necho \"SUCCESS\" > \"${SCRIPT_OUTPUT_FILE_0}\"\n";
			showEnvVarsInLog = 0;
		};
		73F937C795AFB197106C2CC8 /* [CP] Embed Pods Frameworks */ = {
			isa = PBXShellScriptBuildPhase;
			buildActionMask = 2147483647;
			files = (
			);
			inputFileListPaths = (
				"${PODS_ROOT}/Target Support Files/Pods-Test2/Pods-Test2-frameworks-${CONFIGURATION}-input-files.xcfilelist",
			);
			name = "[CP] Embed Pods Frameworks";
			outputFileListPaths = (
				"${PODS_ROOT}/Target Support Files/Pods-Test2/Pods-Test2-frameworks-${CONFIGURATION}-output-files.xcfilelist",
			);
			runOnlyForDeploymentPostprocessing = 0;
			shellPath = /bin/sh;
			shellScript = "\"${PODS_ROOT}/Target Support Files/Pods-Test2/Pods-Test2-frameworks.sh\"\n";
			showEnvVarsInLog = 0;
		};
/* End PBXShellScriptBuildPhase section */

/* Begin PBXSourcesBuildPhase section */
		F47A2C0F241A6B76003A9C11 /* Sources */ = {
			isa = PBXSourcesBuildPhase;
			buildActionMask = 2147483647;
			files = (
				F47A2C2D241A6C07003A9C11 /* RecordingList.swift in Sources */,
				F47A2C17241A6B76003A9C11 /* AppDelegate.swift in Sources */,
				F47A2C31241A6C23003A9C11 /* RecordingDataModel.swift in Sources */,
				F47A2C19241A6B76003A9C11 /* SceneDelegate.swift in Sources */,
				F47A2C2B241A6BDD003A9C11 /* AudioRecorder.swift in Sources */,
				F47A2C1B241A6B76003A9C11 /* ContentView.swift in Sources */,
				F47A2C2F241A6C1C003A9C11 /* Helper.swift in Sources */,
			);
			runOnlyForDeploymentPostprocessing = 0;
		};
/* End PBXSourcesBuildPhase section */

/* Begin PBXVariantGroup section */
		F47A2C21241A6B78003A9C11 /* LaunchScreen.storyboard */ = {
			isa = PBXVariantGroup;
			children = (
				F47A2C22241A6B78003A9C11 /* Base */,
			);
			name = LaunchScreen.storyboard;
			sourceTree = "<group>";
		};
/* End PBXVariantGroup section */

/* Begin XCBuildConfiguration section */
		F47A2C25241A6B78003A9C11 /* Debug */ = {
			isa = XCBuildConfiguration;
			buildSettings = {
				ALWAYS_SEARCH_USER_PATHS = NO;
				CLANG_ANALYZER_NONNULL = YES;
				CLANG_ANALYZER_NUMBER_OBJECT_CONVERSION = YES_AGGRESSIVE;
				CLANG_CXX_LANGUAGE_STANDARD = "gnu++14";
				CLANG_CXX_LIBRARY = "libc++";
				CLANG_ENABLE_MODULES = YES;
				CLANG_ENABLE_OBJC_ARC = YES;
				CLANG_ENABLE_OBJC_WEAK = YES;
				CLANG_WARN_BLOCK_CAPTURE_AUTORELEASING = YES;
				CLANG_WARN_BOOL_CONVERSION = YES;
				CLANG_WARN_COMMA = YES;
				CLANG_WARN_CONSTANT_CONVERSION = YES;
				CLANG_WARN_DEPRECATED_OBJC_IMPLEMENTATIONS = YES;
				CLANG_WARN_DIRECT_OBJC_ISA_USAGE = YES_ERROR;
				CLANG_WARN_DOCUMENTATION_COMMENTS = YES;
				CLANG_WARN_EMPTY_BODY = YES;
				CLANG_WARN_ENUM_CONVERSION = YES;
				CLANG_WARN_INFINITE_RECURSION = YES;
				CLANG_WARN_INT_CONVERSION = YES;
				CLANG_WARN_NON_LITERAL_NULL_CONVERSION = YES;
				CLANG_WARN_OBJC_IMPLICIT_RETAIN_SELF = YES;
				CLANG_WARN_OBJC_LITERAL_CONVERSION = YES;
				CLANG_WARN_OBJC_ROOT_CLASS = YES_ERROR;
				CLANG_WARN_RANGE_LOOP_ANALYSIS = YES;
				CLANG_WARN_STRICT_PROTOTYPES = YES;
				CLANG_WARN_SUSPICIOUS_MOVE = YES;
				CLANG_WARN_UNGUARDED_AVAILABILITY = YES_AGGRESSIVE;
				CLANG_WARN_UNREACHABLE_CODE = YES;
				CLANG_WARN__DUPLICATE_METHOD_MATCH = YES;
				COPY_PHASE_STRIP = NO;
				DEBUG_INFORMATION_FORMAT = dwarf;
				ENABLE_STRICT_OBJC_MSGSEND = YES;
				ENABLE_TESTABILITY = YES;
				GCC_C_LANGUAGE_STANDARD = gnu11;
				GCC_DYNAMIC_NO_PIC = NO;
				GCC_NO_COMMON_BLOCKS = YES;
				GCC_OPTIMIZATION_LEVEL = 0;
				GCC_PREPROCESSOR_DEFINITIONS = (
					"DEBUG=1",
					"$(inherited)",
				);
				GCC_WARN_64_TO_32_BIT_CONVERSION = YES;
				GCC_WARN_ABOUT_RETURN_TYPE = YES_ERROR;
				GCC_WARN_UNDECLARED_SELECTOR = YES;
				GCC_WARN_UNINITIALIZED_AUTOS = YES_AGGRESSIVE;
				GCC_WARN_UNUSED_FUNCTION = YES;
				GCC_WARN_UNUSED_VARIABLE = YES;
				IPHONEOS_DEPLOYMENT_TARGET = 13.2;
				MTL_ENABLE_DEBUG_INFO = INCLUDE_SOURCE;
				MTL_FAST_MATH = YES;
				ONLY_ACTIVE_ARCH = YES;
				SDKROOT = iphoneos;
				SWIFT_ACTIVE_COMPILATION_CONDITIONS = DEBUG;
				SWIFT_OPTIMIZATION_LEVEL = "-Onone";
			};
			name = Debug;
		};
		F47A2C26241A6B78003A9C11 /* Release */ = {
			isa = XCBuildConfiguration;
			buildSettings = {
				ALWAYS_SEARCH_USER_PATHS = NO;
				CLANG_ANALYZER_NONNULL = YES;
				CLANG_ANALYZER_NUMBER_OBJECT_CONVERSION = YES_AGGRESSIVE;
				CLANG_CXX_LANGUAGE_STANDARD = "gnu++14";
				CLANG_CXX_LIBRARY = "libc++";
				CLANG_ENABLE_MODULES = YES;
				CLANG_ENABLE_OBJC_ARC = YES;
				CLANG_ENABLE_OBJC_WEAK = YES;
				CLANG_WARN_BLOCK_CAPTURE_AUTORELEASING = YES;
				CLANG_WARN_BOOL_CONVERSION = YES;
				CLANG_WARN_COMMA = YES;
				CLANG_WARN_CONSTANT_CONVERSION = YES;
				CLANG_WARN_DEPRECATED_OBJC_IMPLEMENTATIONS = YES;
				CLANG_WARN_DIRECT_OBJC_ISA_USAGE = YES_ERROR;
				CLANG_WARN_DOCUMENTATION_COMMENTS = YES;
				CLANG_WARN_EMPTY_BODY = YES;
				CLANG_WARN_ENUM_CONVERSION = YES;
				CLANG_WARN_INFINITE_RECURSION = YES;
				CLANG_WARN_INT_CONVERSION = YES;
				CLANG_WARN_NON_LITERAL_NULL_CONVERSION = YES;
				CLANG_WARN_OBJC_IMPLICIT_RETAIN_SELF = YES;
				CLANG_WARN_OBJC_LITERAL_CONVERSION = YES;
				CLANG_WARN_OBJC_ROOT_CLASS = YES_ERROR;
				CLANG_WARN_RANGE_LOOP_ANALYSIS = YES;
				CLANG_WARN_STRICT_PROTOTYPES = YES;
				CLANG_WARN_SUSPICIOUS_MOVE = YES;
				CLANG_WARN_UNGUARDED_AVAILABILITY = YES_AGGRESSIVE;
				CLANG_WARN_UNREACHABLE_CODE = YES;
				CLANG_WARN__DUPLICATE_METHOD_MATCH = YES;
				COPY_PHASE_STRIP = NO;
				DEBUG_INFORMATION_FORMAT = "dwarf-with-dsym";
				ENABLE_NS_ASSERTIONS = NO;
				ENABLE_STRICT_OBJC_MSGSEND = YES;
				GCC_C_LANGUAGE_STANDARD = gnu11;
				GCC_NO_COMMON_BLOCKS = YES;
				GCC_WARN_64_TO_32_BIT_CONVERSION = YES;
				GCC_WARN_ABOUT_RETURN_TYPE = YES_ERROR;
				GCC_WARN_UNDECLARED_SELECTOR = YES;
				GCC_WARN_UNINITIALIZED_AUTOS = YES_AGGRESSIVE;
				GCC_WARN_UNUSED_FUNCTION = YES;
				GCC_WARN_UNUSED_VARIABLE = YES;
				IPHONEOS_DEPLOYMENT_TARGET = 13.2;
				MTL_ENABLE_DEBUG_INFO = NO;
				MTL_FAST_MATH = YES;
				SDKROOT = iphoneos;
				SWIFT_COMPILATION_MODE = wholemodule;
				SWIFT_OPTIMIZATION_LEVEL = "-O";
				VALIDATE_PRODUCT = YES;
			};
			name = Release;
		};
		F47A2C28241A6B78003A9C11 /* Debug */ = {
			isa = XCBuildConfiguration;
			baseConfigurationReference = 07902F804AE8BB44B5508E1B /* Pods-Test2.debug.xcconfig */;
			buildSettings = {
				ASSETCATALOG_COMPILER_APPICON_NAME = AppIcon;
				CODE_SIGN_STYLE = Automatic;
				CURRENT_PROJECT_VERSION = 2;
				DEVELOPMENT_ASSET_PATHS = "\"Test2/Preview Content\"";
				DEVELOPMENT_TEAM = 3A9536C2AF;
				ENABLE_PREVIEWS = YES;
				INFOPLIST_FILE = Test2/Info.plist;
				LD_RUNPATH_SEARCH_PATHS = (
					"$(inherited)",
					"@executable_path/Frameworks",
				);
				MARKETING_VERSION = 1.2;
				PRODUCT_BUNDLE_IDENTIFIER = kek.Test2;
				PRODUCT_NAME = Emotion;
				SWIFT_VERSION = 5.0;
				TARGETED_DEVICE_FAMILY = 1;
			};
			name = Debug;
		};
		F47A2C29241A6B78003A9C11 /* Release */ = {
			isa = XCBuildConfiguration;
			baseConfigurationReference = 97C12BBCD2526CC472CABEF2 /* Pods-Test2.release.xcconfig */;
			buildSettings = {
				ASSETCATALOG_COMPILER_APPICON_NAME = AppIcon;
				CODE_SIGN_STYLE = Automatic;
				CURRENT_PROJECT_VERSION = 2;
				DEVELOPMENT_ASSET_PATHS = "\"Test2/Preview Content\"";
				DEVELOPMENT_TEAM = 3A9536C2AF;
				ENABLE_PREVIEWS = YES;
				INFOPLIST_FILE = Test2/Info.plist;
				LD_RUNPATH_SEARCH_PATHS = (
					"$(inherited)",
					"@executable_path/Frameworks",
				);
				MARKETING_VERSION = 1.2;
				PRODUCT_BUNDLE_IDENTIFIER = kek.Test2;
				PRODUCT_NAME = Emotion;
				SWIFT_VERSION = 5.0;
				TARGETED_DEVICE_FAMILY = 1;
			};
			name = Release;
		};
/* End XCBuildConfiguration section */

/* Begin XCConfigurationList section */
		F47A2C0E241A6B76003A9C11 /* Build configuration list for PBXProject "Test2" */ = {
			isa = XCConfigurationList;
			buildConfigurations = (
				F47A2C25241A6B78003A9C11 /* Debug */,
				F47A2C26241A6B78003A9C11 /* Release */,
			);
			defaultConfigurationIsVisible = 0;
			defaultConfigurationName = Release;
		};
		F47A2C27241A6B78003A9C11 /* Build configuration list for PBXNativeTarget "Test2" */ = {
			isa = XCConfigurationList;
			buildConfigurations = (
				F47A2C28241A6B78003A9C11 /* Debug */,
				F47A2C29241A6B78003A9C11 /* Release */,
			);
			defaultConfigurationIsVisible = 0;
			defaultConfigurationName = Release;
		};
/* End XCConfigurationList section */
	};
	rootObject = F47A2C0B241A6B76003A9C11 /* Project object */;
}
